
Microsoft Visual Studio Solution File, Format Version 12.00
# Visual Studio 15
VisualStudioVersion = 15.0.28010.2003
MinimumVisualStudioVersion = 10.0.40219.1
Project("{FAE04EC0-301F-11D3-BF4B-00C04F79EFBC}") = "CSMark.Desktop", "CSMark.Desktop.csproj", "{6770CC5D-784C-4C13-8624-2428DD50B4EE}"
EndProject
Project("{9A19103F-16F7-4668-BE54-9A1E7A4F7556}") = "CSMark.Desktop.Common", "..\CSMark.Desktop.Common\CSMark.Desktop.Common.csproj", "{92704E5E-4F00-4D18-A433-F1DF78E820C6}"
EndProject
Global
	GlobalSection(SolutionConfigurationPlatforms) = preSolution
		Debug|Any CPU = Debug|Any CPU
		Debug|x64 = Debug|x64
		Debug|x86 = Debug|x86
		Release|Any CPU = Release|Any CPU
		Release|x64 = Release|x64
		Release|x86 = Release|x86
	EndGlobalSection
	GlobalSection(ProjectConfigurationPlatforms) = postSolution
		{6770CC5D-784C-4C13-8624-2428DD50B4EE}.Debug|Any CPU.ActiveCfg = Debug|Any CPU
		{6770CC5D-784C-4C13-8624-2428DD50B4EE}.Debug|Any CPU.Build.0 = Debug|Any CPU
		{6770CC5D-784C-4C13-8624-2428DD50B4EE}.Debug|x64.ActiveCfg = Debug|Any CPU
		{6770CC5D-784C-4C13-8624-2428DD50B4EE}.Debug|x64.Build.0 = Debug|Any CPU
		{6770CC5D-784C-4C13-8624-2428DD50B4EE}.Debug|x86.ActiveCfg = Debug|Any CPU
		{6770CC5D-784C-4C13-8624-2428DD50B4EE}.Debug|x86.Build.0 = Debug|Any CPU
		{6770CC5D-784C-4C13-8624-2428DD50B4EE}.Release|Any CPU.ActiveCfg = Release|Any CPU
		{6770CC5D-784C-4C13-8624-2428DD50B4EE}.Release|Any CPU.Build.0 = Release|Any CPU
		{6770CC5D-784C-4C13-8624-2428DD50B4EE}.Release|x64.ActiveCfg = Release|Any CPU
		{6770CC5D-784C-4C13-8624-2428DD50B4EE}.Release|x64.Build.0 = Release|Any CPU
		{6770CC5D-784C-4C13-8624-2428DD50B4EE}.Release|x86.ActiveCfg = Release|Any CPU
		{6770CC5D-784C-4C13-8624-2428DD50B4EE}.Release|x86.Build.0 = Release|Any CPU
		{92704E5E-4F00-4D18-A433-F1DF78E820C6}.Debug|Any CPU.ActiveCfg = Debug|Any CPU
		{92704E5E-4F00-4D18-A433-F1DF78E820C6}.Debug|Any CPU.Build.0 = Debug|Any CPU
		{92704E5E-4F00-4D18-A433-F1DF78E820C6}.Debug|x64.ActiveCfg = Debug|Any CPU
		{92704E5E-4F00-4D18-A433-F1DF78E820C6}.Debug|x64.Build.0 = Debug|Any CPU
		{92704E5E-4F00-4D18-A433-F1DF78E820C6}.Debug|x86.ActiveCfg = Debug|Any CPU
		{92704E5E-4F00-4D18-A433-F1DF78E820C6}.Debug|x86.Build.0 = Debug|Any CPU
		{92704E5E-4F00-4D18-A433-F1DF78E820C6}.Release|Any CPU.ActiveCfg = Release|Any CPU
		{92704E5E-4F00-4D18-A433-F1DF78E820C6}.Release|Any CPU.Build.0 = Release|Any CPU
		{92704E5E-4F00-4D18-A433-F1DF78E820C6}.Release|x64.ActiveCfg = Release|Any CPU
		{92704E5E-4F00-4D18-A433-F1DF78E820C6}.Release|x64.Build.0 = Release|Any CPU
		{92704E5E-4F00-4D18-A433-F1DF78E820C6}.Release|x86.ActiveCfg = Release|Any CPU
		{92704E5E-4F00-4D18-A433-F1DF78E820C6}.Release|x86.Build.0 = Release|Any CPU
	EndGlobalSection
	GlobalSection(SolutionProperties) = preSolution
		HideSolutionNode = FALSE
	EndGlobalSection
	GlobalSection(ExtensibilityGlobals) = postSolution
		SolutionGuid = {33259427-3AB2-44EF-B766-FE3D7AC7ECC7}
	EndGlobalSection
EndGlobal
