
Microsoft Visual Studio Solution File, Format Version 12.00
# Visual Studio 15
VisualStudioVersion = 15.0.27130.2010
MinimumVisualStudioVersion = 10.0.40219.1
Project("{9A19103F-16F7-4668-BE54-9A1E7A4F7556}") = "StressTestApp", "StressTestApp\StressTestApp.csproj", "{6FB026ED-7ADD-491B-BC98-27C916439491}"
EndProject
Project("{9A19103F-16F7-4668-BE54-9A1E7A4F7556}") = "BenchmarkApp", "BenchmarkApp\BenchmarkApp.csproj", "{9C6A5F0B-8641-4411-98FB-9CC8D1D989EC}"
EndProject
Global
	GlobalSection(SolutionConfigurationPlatforms) = preSolution
		Debug|Any CPU = Debug|Any CPU
		Release|Any CPU = Release|Any CPU
	EndGlobalSection
	GlobalSection(ProjectConfigurationPlatforms) = postSolution
		{6FB026ED-7ADD-491B-BC98-27C916439491}.Debug|Any CPU.ActiveCfg = Debug|Any CPU
		{6FB026ED-7ADD-491B-BC98-27C916439491}.Debug|Any CPU.Build.0 = Debug|Any CPU
		{6FB026ED-7ADD-491B-BC98-27C916439491}.Release|Any CPU.ActiveCfg = Release|Any CPU
		{6FB026ED-7ADD-491B-BC98-27C916439491}.Release|Any CPU.Build.0 = Release|Any CPU
		{9C6A5F0B-8641-4411-98FB-9CC8D1D989EC}.Debug|Any CPU.ActiveCfg = Debug|Any CPU
		{9C6A5F0B-8641-4411-98FB-9CC8D1D989EC}.Debug|Any CPU.Build.0 = Debug|Any CPU
		{9C6A5F0B-8641-4411-98FB-9CC8D1D989EC}.Release|Any CPU.ActiveCfg = Release|Any CPU
		{9C6A5F0B-8641-4411-98FB-9CC8D1D989EC}.Release|Any CPU.Build.0 = Release|Any CPU
	EndGlobalSection
	GlobalSection(SolutionProperties) = preSolution
		HideSolutionNode = FALSE
	EndGlobalSection
	GlobalSection(ExtensibilityGlobals) = postSolution
		SolutionGuid = {25EE3C50-E1D6-4A27-A794-D4BD1E090708}
	EndGlobalSection
EndGlobal
