
Microsoft Visual Studio Solution File, Format Version 12.00
# Visual Studio 15
VisualStudioVersion = 15.0.27703.2042
MinimumVisualStudioVersion = 10.0.40219.1
Project("{9A19103F-16F7-4668-BE54-9A1E7A4F7556}") = "CSMarkCoreBenchmarkApp", "CSMarkCoreBenchmarkApp.csproj", "{6996EE5F-8D94-4A5C-BED5-E670EC52B18F}"
EndProject
Project("{9A19103F-16F7-4668-BE54-9A1E7A4F7556}") = "CSMarkCoreStressTestApp", "..\StressTestApp\CSMarkCoreStressTestApp.csproj", "{3E9E7341-CF46-43A7-8BE9-292DE20008BD}"
EndProject
Global
	GlobalSection(SolutionConfigurationPlatforms) = preSolution
		Debug|Any CPU = Debug|Any CPU
		Release|Any CPU = Release|Any CPU
	EndGlobalSection
	GlobalSection(ProjectConfigurationPlatforms) = postSolution
		{6996EE5F-8D94-4A5C-BED5-E670EC52B18F}.Debug|Any CPU.ActiveCfg = Debug|Any CPU
		{6996EE5F-8D94-4A5C-BED5-E670EC52B18F}.Debug|Any CPU.Build.0 = Debug|Any CPU
		{6996EE5F-8D94-4A5C-BED5-E670EC52B18F}.Release|Any CPU.ActiveCfg = Release|Any CPU
		{6996EE5F-8D94-4A5C-BED5-E670EC52B18F}.Release|Any CPU.Build.0 = Release|Any CPU
		{3E9E7341-CF46-43A7-8BE9-292DE20008BD}.Debug|Any CPU.ActiveCfg = Debug|Any CPU
		{3E9E7341-CF46-43A7-8BE9-292DE20008BD}.Debug|Any CPU.Build.0 = Debug|Any CPU
		{3E9E7341-CF46-43A7-8BE9-292DE20008BD}.Release|Any CPU.ActiveCfg = Release|Any CPU
		{3E9E7341-CF46-43A7-8BE9-292DE20008BD}.Release|Any CPU.Build.0 = Release|Any CPU
	EndGlobalSection
	GlobalSection(SolutionProperties) = preSolution
		HideSolutionNode = FALSE
	EndGlobalSection
	GlobalSection(ExtensibilityGlobals) = postSolution
		SolutionGuid = {5E79FCE2-0BF7-4951-8657-B69C706AA208}
	EndGlobalSection
EndGlobal
