
Microsoft Visual Studio Solution File, Format Version 12.00
# Visual Studio 15
VisualStudioVersion = 15.0.27703.2018
MinimumVisualStudioVersion = 10.0.40219.1
Project("{FAE04EC0-301F-11D3-BF4B-00C04F79EFBC}") = "CSMarkWPF", "CSMarkWPF.csproj", "{A08FFDC6-9DB8-4640-AA78-941C3CAC6B07}"
EndProject
Project("{9A19103F-16F7-4668-BE54-9A1E7A4F7556}") = "CSMarkCoreStressTestApp", "..\CSMarkCore\StressTestApp\CSMarkCoreStressTestApp.csproj", "{DEF541C9-CB2E-4041-A883-D768A7394092}"
EndProject
Project("{9A19103F-16F7-4668-BE54-9A1E7A4F7556}") = "CSMarkCoreBenchmarkApp", "..\CSMarkCore\BenchmarkApp\CSMarkCoreBenchmarkApp.csproj", "{F6670C36-82FD-41B4-A527-14F4DD5A980A}"
EndProject
Global
	GlobalSection(SolutionConfigurationPlatforms) = preSolution
		Debug|Any CPU = Debug|Any CPU
		Release|Any CPU = Release|Any CPU
	EndGlobalSection
	GlobalSection(ProjectConfigurationPlatforms) = postSolution
		{A08FFDC6-9DB8-4640-AA78-941C3CAC6B07}.Debug|Any CPU.ActiveCfg = Debug|Any CPU
		{A08FFDC6-9DB8-4640-AA78-941C3CAC6B07}.Debug|Any CPU.Build.0 = Debug|Any CPU
		{A08FFDC6-9DB8-4640-AA78-941C3CAC6B07}.Release|Any CPU.ActiveCfg = Release|Any CPU
		{A08FFDC6-9DB8-4640-AA78-941C3CAC6B07}.Release|Any CPU.Build.0 = Release|Any CPU
		{DEF541C9-CB2E-4041-A883-D768A7394092}.Debug|Any CPU.ActiveCfg = Debug|Any CPU
		{DEF541C9-CB2E-4041-A883-D768A7394092}.Debug|Any CPU.Build.0 = Debug|Any CPU
		{DEF541C9-CB2E-4041-A883-D768A7394092}.Release|Any CPU.ActiveCfg = Release|Any CPU
		{DEF541C9-CB2E-4041-A883-D768A7394092}.Release|Any CPU.Build.0 = Release|Any CPU
		{F6670C36-82FD-41B4-A527-14F4DD5A980A}.Debug|Any CPU.ActiveCfg = Debug|Any CPU
		{F6670C36-82FD-41B4-A527-14F4DD5A980A}.Debug|Any CPU.Build.0 = Debug|Any CPU
		{F6670C36-82FD-41B4-A527-14F4DD5A980A}.Release|Any CPU.ActiveCfg = Release|Any CPU
		{F6670C36-82FD-41B4-A527-14F4DD5A980A}.Release|Any CPU.Build.0 = Release|Any CPU
	EndGlobalSection
	GlobalSection(SolutionProperties) = preSolution
		HideSolutionNode = FALSE
	EndGlobalSection
	GlobalSection(ExtensibilityGlobals) = postSolution
		SolutionGuid = {264E6954-A881-4BAC-B3D5-230852F3860D}
	EndGlobalSection
EndGlobal
